// !$*UTF8*$!
{
	archiveVersion = 1;
	classes = {
	};
	objectVersion = 52;
	objects = {

/* Begin PBXBuildFile section */
		062A587A2615F1D8002708D5 /* ArticlesApiClient.swift in Sources */ = {isa = PBXBuildFile; fileRef = 062A58782615F1D8002708D5 /* ArticlesApiClient.swift */; };
		062A587B2615F1D8002708D5 /* LoginApiClient.swift in Sources */ = {isa = PBXBuildFile; fileRef = 062A58792615F1D8002708D5 /* LoginApiClient.swift */; };
		067DBF3D266140C8006A8852 /* LoginViewModel.swift in Sources */ = {isa = PBXBuildFile; fileRef = 067DBF3C266140C8006A8852 /* LoginViewModel.swift */; };
		067DBF3F26614A54006A8852 /* ArticlesViewModel.swift in Sources */ = {isa = PBXBuildFile; fileRef = 067DBF3E26614A54006A8852 /* ArticlesViewModel.swift */; };
		06D067E1260E1C90001D8B0D /* APIRouter.swift in Sources */ = {isa = PBXBuildFile; fileRef = 06D067E0260E1C90001D8B0D /* APIRouter.swift */; };
		06D067E3260E2910001D8B0D /* APIConfiguration.swift in Sources */ = {isa = PBXBuildFile; fileRef = 06D067E2260E2910001D8B0D /* APIConfiguration.swift */; };
		06D35C8F26615954009F2F43 /* NetworkingTests.swift in Sources */ = {isa = PBXBuildFile; fileRef = 06D35C8E26615954009F2F43 /* NetworkingTests.swift */; };
		06D35C9C26616913009F2F43 /* articlesResponse.json in Resources */ = {isa = PBXBuildFile; fileRef = 06D35C9B26616913009F2F43 /* articlesResponse.json */; };
		06DFC795260D13AA001E0E58 /* Alamofire.xcframework in Frameworks */ = {isa = PBXBuildFile; fileRef = 06DFC790260D1383001E0E58 /* Alamofire.xcframework */; };
		06DFC796260D13AA001E0E58 /* Alamofire.xcframework in Embed Frameworks */ = {isa = PBXBuildFile; fileRef = 06DFC790260D1383001E0E58 /* Alamofire.xcframework */; settings = {ATTRIBUTES = (CodeSignOnCopy, RemoveHeadersOnCopy, ); }; };
		06DFC79D260D200C001E0E58 /* LoginAPIRouter.swift in Sources */ = {isa = PBXBuildFile; fileRef = 06DFC79C260D200C001E0E58 /* LoginAPIRouter.swift */; };
		7A639CC61FE7067D009B0667 /* DateFormatter.swift in Sources */ = {isa = PBXBuildFile; fileRef = 7A639CC51FE7067D009B0667 /* DateFormatter.swift */; };
		7A97FC7C1FCB231D00158615 /* AppDelegate.swift in Sources */ = {isa = PBXBuildFile; fileRef = 7A97FC7B1FCB231D00158615 /* AppDelegate.swift */; };
		7A97FC831FCB231D00158615 /* Assets.xcassets in Resources */ = {isa = PBXBuildFile; fileRef = 7A97FC821FCB231D00158615 /* Assets.xcassets */; };
		7A97FC861FCB231D00158615 /* LaunchScreen.storyboard in Resources */ = {isa = PBXBuildFile; fileRef = 7A97FC841FCB231D00158615 /* LaunchScreen.storyboard */; };
		7A97FC921FCB23FB00158615 /* ArticlesViewController.swift in Sources */ = {isa = PBXBuildFile; fileRef = 7A97FC911FCB23FB00158615 /* ArticlesViewController.swift */; };
		7A97FC9A1FCB346900158615 /* ArticlesAPIRouter.swift in Sources */ = {isa = PBXBuildFile; fileRef = 7A97FC991FCB346900158615 /* ArticlesAPIRouter.swift */; };
		7A97FC9C1FCB34AF00158615 /* Constants.swift in Sources */ = {isa = PBXBuildFile; fileRef = 7A97FC9B1FCB34AF00158615 /* Constants.swift */; };
		7A97FC9F1FCB369600158615 /* User.swift in Sources */ = {isa = PBXBuildFile; fileRef = 7A97FC9E1FCB369600158615 /* User.swift */; };
		7A97FCA11FCB39C000158615 /* Article.swift in Sources */ = {isa = PBXBuildFile; fileRef = 7A97FCA01FCB39C000158615 /* Article.swift */; };
		7A97FCA31FCB3A6700158615 /* Category.swift in Sources */ = {isa = PBXBuildFile; fileRef = 7A97FCA21FCB3A6700158615 /* Category.swift */; };
		7AF5A7F21FE314BF0094C173 /* APIClient.swift in Sources */ = {isa = PBXBuildFile; fileRef = 7AF5A7F11FE314BF0094C173 /* APIClient.swift */; };
/* End PBXBuildFile section */

/* Begin PBXContainerItemProxy section */
		06D35C9126615954009F2F43 /* PBXContainerItemProxy */ = {
			isa = PBXContainerItemProxy;
			containerPortal = 7A97FC701FCB231D00158615 /* Project object */;
			proxyType = 1;
			remoteGlobalIDString = 7A97FC771FCB231D00158615;
			remoteInfo = Networking;
		};
/* End PBXContainerItemProxy section */

/* Begin PBXCopyFilesBuildPhase section */
		06DFC797260D13AA001E0E58 /* Embed Frameworks */ = {
			isa = PBXCopyFilesBuildPhase;
			buildActionMask = 2147483647;
			dstPath = "";
			dstSubfolderSpec = 10;
			files = (
				06DFC796260D13AA001E0E58 /* Alamofire.xcframework in Embed Frameworks */,
			);
			name = "Embed Frameworks";
			runOnlyForDeploymentPostprocessing = 0;
		};
/* End PBXCopyFilesBuildPhase section */

/* Begin PBXFileReference section */
		062A58782615F1D8002708D5 /* ArticlesApiClient.swift */ = {isa = PBXFileReference; fileEncoding = 4; lastKnownFileType = sourcecode.swift; path = ArticlesApiClient.swift; sourceTree = "<group>"; };
		062A58792615F1D8002708D5 /* LoginApiClient.swift */ = {isa = PBXFileReference; fileEncoding = 4; lastKnownFileType = sourcecode.swift; path = LoginApiClient.swift; sourceTree = "<group>"; };
		067DBF3C266140C8006A8852 /* LoginViewModel.swift */ = {isa = PBXFileReference; lastKnownFileType = sourcecode.swift; path = LoginViewModel.swift; sourceTree = "<group>"; };
		067DBF3E26614A54006A8852 /* ArticlesViewModel.swift */ = {isa = PBXFileReference; lastKnownFileType = sourcecode.swift; path = ArticlesViewModel.swift; sourceTree = "<group>"; };
		06D067E0260E1C90001D8B0D /* APIRouter.swift */ = {isa = PBXFileReference; fileEncoding = 4; lastKnownFileType = sourcecode.swift; path = APIRouter.swift; sourceTree = "<group>"; };
		06D067E2260E2910001D8B0D /* APIConfiguration.swift */ = {isa = PBXFileReference; lastKnownFileType = sourcecode.swift; path = APIConfiguration.swift; sourceTree = "<group>"; };
		06D35C8C26615954009F2F43 /* NetworkingTests.xctest */ = {isa = PBXFileReference; explicitFileType = wrapper.cfbundle; includeInIndex = 0; path = NetworkingTests.xctest; sourceTree = BUILT_PRODUCTS_DIR; };
		06D35C8E26615954009F2F43 /* NetworkingTests.swift */ = {isa = PBXFileReference; lastKnownFileType = sourcecode.swift; path = NetworkingTests.swift; sourceTree = "<group>"; };
		06D35C9026615954009F2F43 /* Info.plist */ = {isa = PBXFileReference; lastKnownFileType = text.plist.xml; path = Info.plist; sourceTree = "<group>"; };
		06D35C9B26616913009F2F43 /* articlesResponse.json */ = {isa = PBXFileReference; lastKnownFileType = text.json; path = articlesResponse.json; sourceTree = "<group>"; };
		06DFC790260D1383001E0E58 /* Alamofire.xcframework */ = {isa = PBXFileReference; lastKnownFileType = wrapper.xcframework; name = Alamofire.xcframework; path = Carthage/Build/Alamofire.xcframework; sourceTree = "<group>"; };
		06DFC79C260D200C001E0E58 /* LoginAPIRouter.swift */ = {isa = PBXFileReference; fileEncoding = 4; lastKnownFileType = sourcecode.swift; path = LoginAPIRouter.swift; sourceTree = "<group>"; };
		7A639CC51FE7067D009B0667 /* DateFormatter.swift */ = {isa = PBXFileReference; lastKnownFileType = sourcecode.swift; path = DateFormatter.swift; sourceTree = "<group>"; };
		7A97FC781FCB231D00158615 /* Networking.app */ = {isa = PBXFileReference; explicitFileType = wrapper.application; includeInIndex = 0; path = Networking.app; sourceTree = BUILT_PRODUCTS_DIR; };
		7A97FC7B1FCB231D00158615 /* AppDelegate.swift */ = {isa = PBXFileReference; lastKnownFileType = sourcecode.swift; path = AppDelegate.swift; sourceTree = "<group>"; };
		7A97FC821FCB231D00158615 /* Assets.xcassets */ = {isa = PBXFileReference; lastKnownFileType = folder.assetcatalog; path = Assets.xcassets; sourceTree = "<group>"; };
		7A97FC851FCB231D00158615 /* Base */ = {isa = PBXFileReference; lastKnownFileType = file.storyboard; name = Base; path = Base.lproj/LaunchScreen.storyboard; sourceTree = "<group>"; };
		7A97FC871FCB231D00158615 /* Info.plist */ = {isa = PBXFileReference; lastKnownFileType = text.plist.xml; path = Info.plist; sourceTree = "<group>"; };
		7A97FC911FCB23FB00158615 /* ArticlesViewController.swift */ = {isa = PBXFileReference; lastKnownFileType = sourcecode.swift; path = ArticlesViewController.swift; sourceTree = "<group>"; };
		7A97FC991FCB346900158615 /* ArticlesAPIRouter.swift */ = {isa = PBXFileReference; lastKnownFileType = sourcecode.swift; path = ArticlesAPIRouter.swift; sourceTree = "<group>"; };
		7A97FC9B1FCB34AF00158615 /* Constants.swift */ = {isa = PBXFileReference; lastKnownFileType = sourcecode.swift; path = Constants.swift; sourceTree = "<group>"; };
		7A97FC9E1FCB369600158615 /* User.swift */ = {isa = PBXFileReference; lastKnownFileType = sourcecode.swift; path = User.swift; sourceTree = "<group>"; };
		7A97FCA01FCB39C000158615 /* Article.swift */ = {isa = PBXFileReference; lastKnownFileType = sourcecode.swift; path = Article.swift; sourceTree = "<group>"; };
		7A97FCA21FCB3A6700158615 /* Category.swift */ = {isa = PBXFileReference; lastKnownFileType = sourcecode.swift; path = Category.swift; sourceTree = "<group>"; };
		7AF5A7F11FE314BF0094C173 /* APIClient.swift */ = {isa = PBXFileReference; lastKnownFileType = sourcecode.swift; path = APIClient.swift; sourceTree = "<group>"; };
/* End PBXFileReference section */

/* Begin PBXFrameworksBuildPhase section */
		06D35C8926615954009F2F43 /* Frameworks */ = {
			isa = PBXFrameworksBuildPhase;
			buildActionMask = 2147483647;
			files = (
			);
			runOnlyForDeploymentPostprocessing = 0;
		};
		7A97FC751FCB231D00158615 /* Frameworks */ = {
			isa = PBXFrameworksBuildPhase;
			buildActionMask = 2147483647;
			files = (
				06DFC795260D13AA001E0E58 /* Alamofire.xcframework in Frameworks */,
			);
			runOnlyForDeploymentPostprocessing = 0;
		};
/* End PBXFrameworksBuildPhase section */

/* Begin PBXGroup section */
		06D35C8D26615954009F2F43 /* NetworkingTests */ = {
			isa = PBXGroup;
			children = (
				06D35C8E26615954009F2F43 /* NetworkingTests.swift */,
				06D35C9026615954009F2F43 /* Info.plist */,
				06D35C9B26616913009F2F43 /* articlesResponse.json */,
			);
			path = NetworkingTests;
			sourceTree = "<group>";
		};
		7A97FC6F1FCB231D00158615 = {
			isa = PBXGroup;
			children = (
				7A97FC7A1FCB231D00158615 /* Networking */,
				06D35C8D26615954009F2F43 /* NetworkingTests */,
				7A97FC971FCB268600158615 /* Frameworks */,
				7A97FC791FCB231D00158615 /* Products */,
			);
			sourceTree = "<group>";
		};
		7A97FC791FCB231D00158615 /* Products */ = {
			isa = PBXGroup;
			children = (
				7A97FC781FCB231D00158615 /* Networking.app */,
				06D35C8C26615954009F2F43 /* NetworkingTests.xctest */,
			);
			name = Products;
			sourceTree = "<group>";
		};
		7A97FC7A1FCB231D00158615 /* Networking */ = {
			isa = PBXGroup;
			children = (
				7A97FC9D1FCB368300158615 /* Models */,
				7A97FC981FCB343900158615 /* APIClient */,
				7A97FC8F1FCB238600158615 /* Application */,
				7A97FC901FCB23D700158615 /* Controllers */,
				7A97FC8D1FCB236000158615 /* Resources */,
				7A97FC8E1FCB236F00158615 /* Supporting files */,
			);
			path = Networking;
			sourceTree = "<group>";
		};
		7A97FC8D1FCB236000158615 /* Resources */ = {
			isa = PBXGroup;
			children = (
				7A97FC821FCB231D00158615 /* Assets.xcassets */,
				7A97FC9B1FCB34AF00158615 /* Constants.swift */,
			);
			name = Resources;
			sourceTree = "<group>";
		};
		7A97FC8E1FCB236F00158615 /* Supporting files */ = {
			isa = PBXGroup;
			children = (
				7A97FC841FCB231D00158615 /* LaunchScreen.storyboard */,
				7A97FC871FCB231D00158615 /* Info.plist */,
			);
			name = "Supporting files";
			sourceTree = "<group>";
		};
		7A97FC8F1FCB238600158615 /* Application */ = {
			isa = PBXGroup;
			children = (
				7A97FC7B1FCB231D00158615 /* AppDelegate.swift */,
			);
			name = Application;
			sourceTree = "<group>";
		};
		7A97FC901FCB23D700158615 /* Controllers */ = {
			isa = PBXGroup;
			children = (
				7A97FC911FCB23FB00158615 /* ArticlesViewController.swift */,
				067DBF3C266140C8006A8852 /* LoginViewModel.swift */,
				067DBF3E26614A54006A8852 /* ArticlesViewModel.swift */,
			);
			path = Controllers;
			sourceTree = "<group>";
		};
		7A97FC971FCB268600158615 /* Frameworks */ = {
			isa = PBXGroup;
			children = (
				06DFC790260D1383001E0E58 /* Alamofire.xcframework */,
			);
			name = Frameworks;
			sourceTree = "<group>";
		};
		7A97FC981FCB343900158615 /* APIClient */ = {
			isa = PBXGroup;
			children = (
				06D067E2260E2910001D8B0D /* APIConfiguration.swift */,
				06D067E0260E1C90001D8B0D /* APIRouter.swift */,
				06DFC79C260D200C001E0E58 /* LoginAPIRouter.swift */,
				7A97FC991FCB346900158615 /* ArticlesAPIRouter.swift */,
				7AF5A7F11FE314BF0094C173 /* APIClient.swift */,
				062A58792615F1D8002708D5 /* LoginApiClient.swift */,
				062A58782615F1D8002708D5 /* ArticlesApiClient.swift */,
			);
			path = APIClient;
			sourceTree = "<group>";
		};
		7A97FC9D1FCB368300158615 /* Models */ = {
			isa = PBXGroup;
			children = (
				7A97FC9E1FCB369600158615 /* User.swift */,
				7A97FCA01FCB39C000158615 /* Article.swift */,
				7A97FCA21FCB3A6700158615 /* Category.swift */,
				7A639CC51FE7067D009B0667 /* DateFormatter.swift */,
			);
			path = Models;
			sourceTree = "<group>";
		};
/* End PBXGroup section */

/* Begin PBXNativeTarget section */
		06D35C8B26615954009F2F43 /* NetworkingTests */ = {
			isa = PBXNativeTarget;
			buildConfigurationList = 06D35C9526615954009F2F43 /* Build configuration list for PBXNativeTarget "NetworkingTests" */;
			buildPhases = (
				06D35C8826615954009F2F43 /* Sources */,
				06D35C8926615954009F2F43 /* Frameworks */,
				06D35C8A26615954009F2F43 /* Resources */,
			);
			buildRules = (
			);
			dependencies = (
				06D35C9226615954009F2F43 /* PBXTargetDependency */,
			);
			name = NetworkingTests;
			productName = NetworkingTests;
			productReference = 06D35C8C26615954009F2F43 /* NetworkingTests.xctest */;
			productType = "com.apple.product-type.bundle.unit-test";
		};
		7A97FC771FCB231D00158615 /* Networking */ = {
			isa = PBXNativeTarget;
			buildConfigurationList = 7A97FC8A1FCB231D00158615 /* Build configuration list for PBXNativeTarget "Networking" */;
			buildPhases = (
				7A97FC741FCB231D00158615 /* Sources */,
				7A97FC751FCB231D00158615 /* Frameworks */,
				7A97FC761FCB231D00158615 /* Resources */,
				06DFC797260D13AA001E0E58 /* Embed Frameworks */,
			);
			buildRules = (
			);
			dependencies = (
			);
			name = Networking;
			productName = Networking;
			productReference = 7A97FC781FCB231D00158615 /* Networking.app */;
			productType = "com.apple.product-type.application";
		};
/* End PBXNativeTarget section */

/* Begin PBXProject section */
		7A97FC701FCB231D00158615 /* Project object */ = {
			isa = PBXProject;
			attributes = {
				LastSwiftUpdateCheck = 1240;
				LastUpgradeCheck = 1240;
				ORGANIZATIONNAME = "Alaeddine Me";
				TargetAttributes = {
					06D35C8B26615954009F2F43 = {
						CreatedOnToolsVersion = 12.4;
						TestTargetID = 7A97FC771FCB231D00158615;
					};
					7A97FC771FCB231D00158615 = {
						CreatedOnToolsVersion = 9.1;
						LastSwiftMigration = 1140;
						ProvisioningStyle = Manual;
					};
				};
			};
			buildConfigurationList = 7A97FC731FCB231D00158615 /* Build configuration list for PBXProject "Networking" */;
			compatibilityVersion = "Xcode 8.0";
			developmentRegion = en;
			hasScannedForEncodings = 0;
			knownRegions = (
				en,
				Base,
			);
			mainGroup = 7A97FC6F1FCB231D00158615;
			productRefGroup = 7A97FC791FCB231D00158615 /* Products */;
			projectDirPath = "";
			projectRoot = "";
			targets = (
				7A97FC771FCB231D00158615 /* Networking */,
				06D35C8B26615954009F2F43 /* NetworkingTests */,
			);
		};
/* End PBXProject section */

/* Begin PBXResourcesBuildPhase section */
		06D35C8A26615954009F2F43 /* Resources */ = {
			isa = PBXResourcesBuildPhase;
			buildActionMask = 2147483647;
			files = (
				06D35C9C26616913009F2F43 /* articlesResponse.json in Resources */,
			);
			runOnlyForDeploymentPostprocessing = 0;
		};
		7A97FC761FCB231D00158615 /* Resources */ = {
			isa = PBXResourcesBuildPhase;
			buildActionMask = 2147483647;
			files = (
				7A97FC861FCB231D00158615 /* LaunchScreen.storyboard in Resources */,
				7A97FC831FCB231D00158615 /* Assets.xcassets in Resources */,
			);
			runOnlyForDeploymentPostprocessing = 0;
		};
/* End PBXResourcesBuildPhase section */

/* Begin PBXSourcesBuildPhase section */
		06D35C8826615954009F2F43 /* Sources */ = {
			isa = PBXSourcesBuildPhase;
			buildActionMask = 2147483647;
			files = (
				06D35C8F26615954009F2F43 /* NetworkingTests.swift in Sources */,
			);
			runOnlyForDeploymentPostprocessing = 0;
		};
		7A97FC741FCB231D00158615 /* Sources */ = {
			isa = PBXSourcesBuildPhase;
			buildActionMask = 2147483647;
			files = (
				7A639CC61FE7067D009B0667 /* DateFormatter.swift in Sources */,
				7A97FC7C1FCB231D00158615 /* AppDelegate.swift in Sources */,
				7A97FC9A1FCB346900158615 /* ArticlesAPIRouter.swift in Sources */,
				7A97FCA31FCB3A6700158615 /* Category.swift in Sources */,
				06D067E1260E1C90001D8B0D /* APIRouter.swift in Sources */,
				067DBF3F26614A54006A8852 /* ArticlesViewModel.swift in Sources */,
				7AF5A7F21FE314BF0094C173 /* APIClient.swift in Sources */,
				06DFC79D260D200C001E0E58 /* LoginAPIRouter.swift in Sources */,
				062A587B2615F1D8002708D5 /* LoginApiClient.swift in Sources */,
				067DBF3D266140C8006A8852 /* LoginViewModel.swift in Sources */,
				06D067E3260E2910001D8B0D /* APIConfiguration.swift in Sources */,
				062A587A2615F1D8002708D5 /* ArticlesApiClient.swift in Sources */,
				7A97FCA11FCB39C000158615 /* Article.swift in Sources */,
				7A97FC921FCB23FB00158615 /* ArticlesViewController.swift in Sources */,
				7A97FC9F1FCB369600158615 /* User.swift in Sources */,
				7A97FC9C1FCB34AF00158615 /* Constants.swift in Sources */,
			);
			runOnlyForDeploymentPostprocessing = 0;
		};
/* End PBXSourcesBuildPhase section */

/* Begin PBXTargetDependency section */
		06D35C9226615954009F2F43 /* PBXTargetDependency */ = {
			isa = PBXTargetDependency;
			target = 7A97FC771FCB231D00158615 /* Networking */;
			targetProxy = 06D35C9126615954009F2F43 /* PBXContainerItemProxy */;
		};
/* End PBXTargetDependency section */

/* Begin PBXVariantGroup section */
		7A97FC841FCB231D00158615 /* LaunchScreen.storyboard */ = {
			isa = PBXVariantGroup;
			children = (
				7A97FC851FCB231D00158615 /* Base */,
			);
			name = LaunchScreen.storyboard;
			sourceTree = "<group>";
		};
/* End PBXVariantGroup section */

/* Begin XCBuildConfiguration section */
		06D35C9326615954009F2F43 /* Debug */ = {
			isa = XCBuildConfiguration;
			buildSettings = {
				BUNDLE_LOADER = "$(TEST_HOST)";
				CLANG_ENABLE_OBJC_WEAK = YES;
				CODE_SIGN_STYLE = Automatic;
				INFOPLIST_FILE = NetworkingTests/Info.plist;
				IPHONEOS_DEPLOYMENT_TARGET = 14.4;
				LD_RUNPATH_SEARCH_PATHS = (
					"$(inherited)",
					"@executable_path/Frameworks",
					"@loader_path/Frameworks",
				);
				MTL_ENABLE_DEBUG_INFO = INCLUDE_SOURCE;
				MTL_FAST_MATH = YES;
				PRODUCT_BUNDLE_IDENTIFIER = com.gg.NetworkingTests;
				PRODUCT_NAME = "$(TARGET_NAME)";
				SWIFT_VERSION = 5.0;
				TARGETED_DEVICE_FAMILY = "1,2";
				TEST_HOST = "$(BUILT_PRODUCTS_DIR)/Networking.app/Networking";
			};
			name = Debug;
		};
		06D35C9426615954009F2F43 /* Release */ = {
			isa = XCBuildConfiguration;
			buildSettings = {
				BUNDLE_LOADER = "$(TEST_HOST)";
				CLANG_ENABLE_OBJC_WEAK = YES;
				CODE_SIGN_STYLE = Automatic;
				INFOPLIST_FILE = NetworkingTests/Info.plist;
				IPHONEOS_DEPLOYMENT_TARGET = 14.4;
				LD_RUNPATH_SEARCH_PATHS = (
					"$(inherited)",
					"@executable_path/Frameworks",
					"@loader_path/Frameworks",
				);
				MTL_FAST_MATH = YES;
				PRODUCT_BUNDLE_IDENTIFIER = com.gg.NetworkingTests;
				PRODUCT_NAME = "$(TARGET_NAME)";
				SWIFT_VERSION = 5.0;
				TARGETED_DEVICE_FAMILY = "1,2";
				TEST_HOST = "$(BUILT_PRODUCTS_DIR)/Networking.app/Networking";
			};
			name = Release;
		};
		7A97FC881FCB231D00158615 /* Debug */ = {
			isa = XCBuildConfiguration;
			buildSettings = {
				ALWAYS_SEARCH_USER_PATHS = NO;
				CLANG_ANALYZER_NONNULL = YES;
				CLANG_ANALYZER_NUMBER_OBJECT_CONVERSION = YES_AGGRESSIVE;
				CLANG_CXX_LANGUAGE_STANDARD = "gnu++14";
				CLANG_CXX_LIBRARY = "libc++";
				CLANG_ENABLE_MODULES = YES;
				CLANG_ENABLE_OBJC_ARC = YES;
				CLANG_WARN_BLOCK_CAPTURE_AUTORELEASING = YES;
				CLANG_WARN_BOOL_CONVERSION = YES;
				CLANG_WARN_COMMA = YES;
				CLANG_WARN_CONSTANT_CONVERSION = YES;
				CLANG_WARN_DEPRECATED_OBJC_IMPLEMENTATIONS = YES;
				CLANG_WARN_DIRECT_OBJC_ISA_USAGE = YES_ERROR;
				CLANG_WARN_DOCUMENTATION_COMMENTS = YES;
				CLANG_WARN_EMPTY_BODY = YES;
				CLANG_WARN_ENUM_CONVERSION = YES;
				CLANG_WARN_INFINITE_RECURSION = YES;
				CLANG_WARN_INT_CONVERSION = YES;
				CLANG_WARN_NON_LITERAL_NULL_CONVERSION = YES;
				CLANG_WARN_OBJC_IMPLICIT_RETAIN_SELF = YES;
				CLANG_WARN_OBJC_LITERAL_CONVERSION = YES;
				CLANG_WARN_OBJC_ROOT_CLASS = YES_ERROR;
				CLANG_WARN_QUOTED_INCLUDE_IN_FRAMEWORK_HEADER = YES;
				CLANG_WARN_RANGE_LOOP_ANALYSIS = YES;
				CLANG_WARN_STRICT_PROTOTYPES = YES;
				CLANG_WARN_SUSPICIOUS_MOVE = YES;
				CLANG_WARN_UNGUARDED_AVAILABILITY = YES_AGGRESSIVE;
				CLANG_WARN_UNREACHABLE_CODE = YES;
				CLANG_WARN__DUPLICATE_METHOD_MATCH = YES;
				CODE_SIGN_IDENTITY = "iPhone Developer";
				COPY_PHASE_STRIP = NO;
				DEBUG_INFORMATION_FORMAT = dwarf;
				ENABLE_STRICT_OBJC_MSGSEND = YES;
				ENABLE_TESTABILITY = YES;
				GCC_C_LANGUAGE_STANDARD = gnu11;
				GCC_DYNAMIC_NO_PIC = NO;
				GCC_NO_COMMON_BLOCKS = YES;
				GCC_OPTIMIZATION_LEVEL = 0;
				GCC_PREPROCESSOR_DEFINITIONS = (
					"DEBUG=1",
					"$(inherited)",
				);
				GCC_WARN_64_TO_32_BIT_CONVERSION = YES;
				GCC_WARN_ABOUT_RETURN_TYPE = YES_ERROR;
				GCC_WARN_UNDECLARED_SELECTOR = YES;
				GCC_WARN_UNINITIALIZED_AUTOS = YES_AGGRESSIVE;
				GCC_WARN_UNUSED_FUNCTION = YES;
				GCC_WARN_UNUSED_VARIABLE = YES;
				IPHONEOS_DEPLOYMENT_TARGET = 12.0;
				MTL_ENABLE_DEBUG_INFO = YES;
				ONLY_ACTIVE_ARCH = YES;
				SDKROOT = iphoneos;
				SWIFT_ACTIVE_COMPILATION_CONDITIONS = DEBUG;
				SWIFT_OPTIMIZATION_LEVEL = "-Onone";
			};
			name = Debug;
		};
		7A97FC891FCB231D00158615 /* Release */ = {
			isa = XCBuildConfiguration;
			buildSettings = {
				ALWAYS_SEARCH_USER_PATHS = NO;
				CLANG_ANALYZER_NONNULL = YES;
				CLANG_ANALYZER_NUMBER_OBJECT_CONVERSION = YES_AGGRESSIVE;
				CLANG_CXX_LANGUAGE_STANDARD = "gnu++14";
				CLANG_CXX_LIBRARY = "libc++";
				CLANG_ENABLE_MODULES = YES;
				CLANG_ENABLE_OBJC_ARC = YES;
				CLANG_WARN_BLOCK_CAPTURE_AUTORELEASING = YES;
				CLANG_WARN_BOOL_CONVERSION = YES;
				CLANG_WARN_COMMA = YES;
				CLANG_WARN_CONSTANT_CONVERSION = YES;
				CLANG_WARN_DEPRECATED_OBJC_IMPLEMENTATIONS = YES;
				CLANG_WARN_DIRECT_OBJC_ISA_USAGE = YES_ERROR;
				CLANG_WARN_DOCUMENTATION_COMMENTS = YES;
				CLANG_WARN_EMPTY_BODY = YES;
				CLANG_WARN_ENUM_CONVERSION = YES;
				CLANG_WARN_INFINITE_RECURSION = YES;
				CLANG_WARN_INT_CONVERSION = YES;
				CLANG_WARN_NON_LITERAL_NULL_CONVERSION = YES;
				CLANG_WARN_OBJC_IMPLICIT_RETAIN_SELF = YES;
				CLANG_WARN_OBJC_LITERAL_CONVERSION = YES;
				CLANG_WARN_OBJC_ROOT_CLASS = YES_ERROR;
				CLANG_WARN_QUOTED_INCLUDE_IN_FRAMEWORK_HEADER = YES;
				CLANG_WARN_RANGE_LOOP_ANALYSIS = YES;
				CLANG_WARN_STRICT_PROTOTYPES = YES;
				CLANG_WARN_SUSPICIOUS_MOVE = YES;
				CLANG_WARN_UNGUARDED_AVAILABILITY = YES_AGGRESSIVE;
				CLANG_WARN_UNREACHABLE_CODE = YES;
				CLANG_WARN__DUPLICATE_METHOD_MATCH = YES;
				CODE_SIGN_IDENTITY = "iPhone Developer";
				COPY_PHASE_STRIP = NO;
				DEBUG_INFORMATION_FORMAT = "dwarf-with-dsym";
				ENABLE_NS_ASSERTIONS = NO;
				ENABLE_STRICT_OBJC_MSGSEND = YES;
				GCC_C_LANGUAGE_STANDARD = gnu11;
				GCC_NO_COMMON_BLOCKS = YES;
				GCC_WARN_64_TO_32_BIT_CONVERSION = YES;
				GCC_WARN_ABOUT_RETURN_TYPE = YES_ERROR;
				GCC_WARN_UNDECLARED_SELECTOR = YES;
				GCC_WARN_UNINITIALIZED_AUTOS = YES_AGGRESSIVE;
				GCC_WARN_UNUSED_FUNCTION = YES;
				GCC_WARN_UNUSED_VARIABLE = YES;
				IPHONEOS_DEPLOYMENT_TARGET = 12.0;
				MTL_ENABLE_DEBUG_INFO = NO;
				SDKROOT = iphoneos;
				SWIFT_COMPILATION_MODE = wholemodule;
				SWIFT_OPTIMIZATION_LEVEL = "-O";
				VALIDATE_PRODUCT = YES;
			};
			name = Release;
		};
		7A97FC8B1FCB231D00158615 /* Debug */ = {
			isa = XCBuildConfiguration;
			buildSettings = {
				ASSETCATALOG_COMPILER_APPICON_NAME = AppIcon;
				CODE_SIGN_STYLE = Manual;
				DEVELOPMENT_TEAM = "";
				INFOPLIST_FILE = Networking/Info.plist;
				LD_RUNPATH_SEARCH_PATHS = (
					"$(inherited)",
					"@executable_path/Frameworks",
				);
				PRODUCT_BUNDLE_IDENTIFIER = com.itechnodev.Networking;
				PRODUCT_NAME = "$(TARGET_NAME)";
				PROVISIONING_PROFILE_SPECIFIER = "";
				SWIFT_VERSION = 5.0;
				TARGETED_DEVICE_FAMILY = "1,2";
			};
			name = Debug;
		};
		7A97FC8C1FCB231D00158615 /* Release */ = {
			isa = XCBuildConfiguration;
			buildSettings = {
				ASSETCATALOG_COMPILER_APPICON_NAME = AppIcon;
				CODE_SIGN_STYLE = Manual;
				DEVELOPMENT_TEAM = "";
				INFOPLIST_FILE = Networking/Info.plist;
				LD_RUNPATH_SEARCH_PATHS = (
					"$(inherited)",
					"@executable_path/Frameworks",
				);
				PRODUCT_BUNDLE_IDENTIFIER = com.itechnodev.Networking;
				PRODUCT_NAME = "$(TARGET_NAME)";
				PROVISIONING_PROFILE_SPECIFIER = "";
				SWIFT_VERSION = 5.0;
				TARGETED_DEVICE_FAMILY = "1,2";
			};
			name = Release;
		};
/* End XCBuildConfiguration section */

/* Begin XCConfigurationList section */
		06D35C9526615954009F2F43 /* Build configuration list for PBXNativeTarget "NetworkingTests" */ = {
			isa = XCConfigurationList;
			buildConfigurations = (
				06D35C9326615954009F2F43 /* Debug */,
				06D35C9426615954009F2F43 /* Release */,
			);
			defaultConfigurationIsVisible = 0;
			defaultConfigurationName = Release;
		};
		7A97FC731FCB231D00158615 /* Build configuration list for PBXProject "Networking" */ = {
			isa = XCConfigurationList;
			buildConfigurations = (
				7A97FC881FCB231D00158615 /* Debug */,
				7A97FC891FCB231D00158615 /* Release */,
			);
			defaultConfigurationIsVisible = 0;
			defaultConfigurationName = Release;
		};
		7A97FC8A1FCB231D00158615 /* Build configuration list for PBXNativeTarget "Networking" */ = {
			isa = XCConfigurationList;
			buildConfigurations = (
				7A97FC8B1FCB231D00158615 /* Debug */,
				7A97FC8C1FCB231D00158615 /* Release */,
			);
			defaultConfigurationIsVisible = 0;
			defaultConfigurationName = Release;
		};
/* End XCConfigurationList section */
	};
	rootObject = 7A97FC701FCB231D00158615 /* Project object */;
}
